
Microsoft Visual Studio Solution File, Format Version 12.00
# Visual Studio Version 17
VisualStudioVersion = 17.14.36121.58 d17.14
MinimumVisualStudioVersion = 10.0.40219.1
Project("{FAE04EC0-301F-11D3-BF4B-00C04F79EFBC}") = "Task7", "Task7.csproj", "{A85B0DC1-CB92-42D3-AFA0-835315E1B48C}"
EndProject
Global
	GlobalSection(SolutionConfigurationPlatforms) = preSolution
		Debug|Any CPU = Debug|Any CPU
		Release|Any CPU = Release|Any CPU
	EndGlobalSection
	GlobalSection(ProjectConfigurationPlatforms) = postSolution
		{A85B0DC1-CB92-42D3-AFA0-835315E1B48C}.Debug|Any CPU.ActiveCfg = Debug|Any CPU
		{A85B0DC1-CB92-42D3-AFA0-835315E1B48C}.Debug|Any CPU.Build.0 = Debug|Any CPU
		{A85B0DC1-CB92-42D3-AFA0-835315E1B48C}.Release|Any CPU.ActiveCfg = Release|Any CPU
		{A85B0DC1-CB92-42D3-AFA0-835315E1B48C}.Release|Any CPU.Build.0 = Release|Any CPU
	EndGlobalSection
	GlobalSection(SolutionProperties) = preSolution
		HideSolutionNode = FALSE
	EndGlobalSection
	GlobalSection(ExtensibilityGlobals) = postSolution
		SolutionGuid = {C201A411-32A9-48DE-B7A6-09A0370178FC}
	EndGlobalSection
EndGlobal
