
Microsoft Visual Studio Solution File, Format Version 12.00
# Visual Studio Version 17
VisualStudioVersion = 17.14.36121.58 d17.14
MinimumVisualStudioVersion = 10.0.40219.1
Project("{FAE04EC0-301F-11D3-BF4B-00C04F79EFBC}") = "Task5", "Task5.csproj", "{C73A92F6-C6C4-441F-912E-CF6B1FE2C1F9}"
EndProject
Global
	GlobalSection(SolutionConfigurationPlatforms) = preSolution
		Debug|Any CPU = Debug|Any CPU
		Release|Any CPU = Release|Any CPU
	EndGlobalSection
	GlobalSection(ProjectConfigurationPlatforms) = postSolution
		{C73A92F6-C6C4-441F-912E-CF6B1FE2C1F9}.Debug|Any CPU.ActiveCfg = Debug|Any CPU
		{C73A92F6-C6C4-441F-912E-CF6B1FE2C1F9}.Debug|Any CPU.Build.0 = Debug|Any CPU
		{C73A92F6-C6C4-441F-912E-CF6B1FE2C1F9}.Release|Any CPU.ActiveCfg = Release|Any CPU
		{C73A92F6-C6C4-441F-912E-CF6B1FE2C1F9}.Release|Any CPU.Build.0 = Release|Any CPU
	EndGlobalSection
	GlobalSection(SolutionProperties) = preSolution
		HideSolutionNode = FALSE
	EndGlobalSection
	GlobalSection(ExtensibilityGlobals) = postSolution
		SolutionGuid = {01A5077E-E20C-45F8-8AFA-39E36AD26DA4}
	EndGlobalSection
EndGlobal
